
Microsoft Visual Studio Solution File, Format Version 12.00
# Visual Studio 2012
Project("{FAE04EC0-301F-11D3-BF4B-00C04F79EFBC}") = "Four51.APISDK", "Four51.APISDK.csproj", "{05F73944-31D1-426C-84EE-14C989D42546}"
EndProject
Project("{FAE04EC0-301F-11D3-BF4B-00C04F79EFBC}") = "SDK Examples", "SDK Examples\SDK Examples.csproj", "{9AD91E6B-70F6-4879-9D25-52AE7DB56BC0}"
EndProject
Global
	GlobalSection(SolutionConfigurationPlatforms) = preSolution
		Debug|Any CPU = Debug|Any CPU
		Release|Any CPU = Release|Any CPU
	EndGlobalSection
	GlobalSection(ProjectConfigurationPlatforms) = postSolution
		{05F73944-31D1-426C-84EE-14C989D42546}.Debug|Any CPU.ActiveCfg = Debug|Any CPU
		{05F73944-31D1-426C-84EE-14C989D42546}.Debug|Any CPU.Build.0 = Debug|Any CPU
		{05F73944-31D1-426C-84EE-14C989D42546}.Release|Any CPU.ActiveCfg = Release|Any CPU
		{05F73944-31D1-426C-84EE-14C989D42546}.Release|Any CPU.Build.0 = Release|Any CPU
		{9AD91E6B-70F6-4879-9D25-52AE7DB56BC0}.Debug|Any CPU.ActiveCfg = Debug|Any CPU
		{9AD91E6B-70F6-4879-9D25-52AE7DB56BC0}.Debug|Any CPU.Build.0 = Debug|Any CPU
		{9AD91E6B-70F6-4879-9D25-52AE7DB56BC0}.Release|Any CPU.ActiveCfg = Release|Any CPU
		{9AD91E6B-70F6-4879-9D25-52AE7DB56BC0}.Release|Any CPU.Build.0 = Release|Any CPU
	EndGlobalSection
	GlobalSection(SolutionProperties) = preSolution
		HideSolutionNode = FALSE
	EndGlobalSection
EndGlobal
